// !$*UTF8*$!
{
	archiveVersion = 1;
	classes = {
	};
	objectVersion = 56;
	objects = {

/* Begin PBXBuildFile section */
		BBB516FE2C98B68800A080BF /* HeadphonesPreparationComposer.swift in Sources */ = {isa = PBXBuildFile; fileRef = BBB516FD2C98B68800A080BF /* HeadphonesPreparationComposer.swift */; };
		BBB517012C98C57700A080BF /* PermissionControlsContainerFactory.swift in Sources */ = {isa = PBXBuildFile; fileRef = BBB517002C98C57700A080BF /* PermissionControlsContainerFactory.swift */; };
		BBB96BAB2CA882D000EB20C0 /* SystemVolumePreparationComposer.swift in Sources */ = {isa = PBXBuildFile; fileRef = BBB96BAA2CA882D000EB20C0 /* SystemVolumePreparationComposer.swift */; };
		BBB96BAD2CA8834B00EB20C0 /* SystemVolumePreparationViewController.swift in Sources */ = {isa = PBXBuildFile; fileRef = BBB96BAC2CA8834B00EB20C0 /* SystemVolumePreparationViewController.swift */; };
		BBB96BB02CA88BC000EB20C0 /* TestViewController.swift in Sources */ = {isa = PBXBuildFile; fileRef = BBB96BAF2CA88BC000EB20C0 /* TestViewController.swift */; };
		BBC21FE32CA0AF90005901E8 /* LoudnessPreparationViewController.swift in Sources */ = {isa = PBXBuildFile; fileRef = BBC21FE22CA0AF90005901E8 /* LoudnessPreparationViewController.swift */; };
		BBC21FE52CA0B02D005901E8 /* LoudnessPreparationComposer.swift in Sources */ = {isa = PBXBuildFile; fileRef = BBC21FE42CA0B02D005901E8 /* LoudnessPreparationComposer.swift */; };
		BBC21FE82CA0B77A005901E8 /* PreparationFlow.swift in Sources */ = {isa = PBXBuildFile; fileRef = BBC21FE72CA0B77A005901E8 /* PreparationFlow.swift */; };
		BBDDD7712C8C54D400D6EF3F /* AppDelegate.swift in Sources */ = {isa = PBXBuildFile; fileRef = BBDDD7702C8C54D400D6EF3F /* AppDelegate.swift */; };
		BBDDD7752C8C54D400D6EF3F /* HeadphonesPreparationViewController.swift in Sources */ = {isa = PBXBuildFile; fileRef = BBDDD7742C8C54D400D6EF3F /* HeadphonesPreparationViewController.swift */; };
		BBDDD77A2C8C54D700D6EF3F /* Images.xcassets in Resources */ = {isa = PBXBuildFile; fileRef = BBDDD7792C8C54D700D6EF3F /* Images.xcassets */; };
		BBDDD77D2C8C54D700D6EF3F /* Base in Resources */ = {isa = PBXBuildFile; fileRef = BBDDD77C2C8C54D700D6EF3F /* Base */; };
		BBDDD7852C8C5A2C00D6EF3F /* UIViewController+Extensions.swift in Sources */ = {isa = PBXBuildFile; fileRef = BBDDD7842C8C5A2C00D6EF3F /* UIViewController+Extensions.swift */; };
		BBDDD78D2C8C5EAC00D6EF3F /* Colors.xcassets in Resources */ = {isa = PBXBuildFile; fileRef = BBDDD78C2C8C5EAC00D6EF3F /* Colors.xcassets */; };
		BBF35D5F2C8CDF1D006AEC65 /* HeadphonesConnectionObservable.swift in Sources */ = {isa = PBXBuildFile; fileRef = BBF35D5E2C8CDF1D006AEC65 /* HeadphonesConnectionObservable.swift */; };
		BBF35D612C8CE130006AEC65 /* HeadphonesConnectionManager.swift in Sources */ = {isa = PBXBuildFile; fileRef = BBF35D602C8CE130006AEC65 /* HeadphonesConnectionManager.swift */; };
		BBF35D632C8CE205006AEC65 /* HeadphonesConnectionSettable.swift in Sources */ = {isa = PBXBuildFile; fileRef = BBF35D622C8CE205006AEC65 /* HeadphonesConnectionSettable.swift */; };
		BBF35D662C8CF0B0006AEC65 /* SystemVolumeObservable.swift in Sources */ = {isa = PBXBuildFile; fileRef = BBF35D652C8CF0B0006AEC65 /* SystemVolumeObservable.swift */; };
		BBF35D682C8CF106006AEC65 /* SystemVolumeSettable.swift in Sources */ = {isa = PBXBuildFile; fileRef = BBF35D672C8CF106006AEC65 /* SystemVolumeSettable.swift */; };
		BBF35D6A2C8CF126006AEC65 /* SystemVolumeManager.swift in Sources */ = {isa = PBXBuildFile; fileRef = BBF35D692C8CF126006AEC65 /* SystemVolumeManager.swift */; };
		BBF35D6D2C8CF23A006AEC65 /* LoudnessObservable.swift in Sources */ = {isa = PBXBuildFile; fileRef = BBF35D6C2C8CF23A006AEC65 /* LoudnessObservable.swift */; };
		BBF35D6F2C8CF249006AEC65 /* LoudnessLevel.swift in Sources */ = {isa = PBXBuildFile; fileRef = BBF35D6E2C8CF249006AEC65 /* LoudnessLevel.swift */; };
		BBF35D712C8CF292006AEC65 /* LoudnessSettable.swift in Sources */ = {isa = PBXBuildFile; fileRef = BBF35D702C8CF292006AEC65 /* LoudnessSettable.swift */; };
		BBF35D732C8CF2B4006AEC65 /* LoudnessManager.swift in Sources */ = {isa = PBXBuildFile; fileRef = BBF35D722C8CF2B4006AEC65 /* LoudnessManager.swift */; };
		BBF35D762C8CF3DA006AEC65 /* PreparationInterruption.swift in Sources */ = {isa = PBXBuildFile; fileRef = BBF35D752C8CF3DA006AEC65 /* PreparationInterruption.swift */; };
		BBF35D782C8CF47C006AEC65 /* PreparationInterruptionsManager.swift in Sources */ = {isa = PBXBuildFile; fileRef = BBF35D772C8CF47C006AEC65 /* PreparationInterruptionsManager.swift */; };
		BBF35D7A2C8CF4CB006AEC65 /* PreparationInterruptionsManageable.swift in Sources */ = {isa = PBXBuildFile; fileRef = BBF35D792C8CF4CB006AEC65 /* PreparationInterruptionsManageable.swift */; };
		BBF35D7F2C8DE202006AEC65 /* MicrophonePermissionManager.swift in Sources */ = {isa = PBXBuildFile; fileRef = BBF35D7E2C8DE202006AEC65 /* MicrophonePermissionManager.swift */; };
		BBF35D832C8DFC4A006AEC65 /* NibView.swift in Sources */ = {isa = PBXBuildFile; fileRef = BBF35D822C8DFC4A006AEC65 /* NibView.swift */; };
		BBF35D852C8DFC92006AEC65 /* UIView+Extensions.swift in Sources */ = {isa = PBXBuildFile; fileRef = BBF35D842C8DFC92006AEC65 /* UIView+Extensions.swift */; };
		BBF35D882C8DFFC4006AEC65 /* PermissionControlView.swift in Sources */ = {isa = PBXBuildFile; fileRef = BBF35D872C8DFFC4006AEC65 /* PermissionControlView.swift */; };
		BBF35D8A2C8DFFDC006AEC65 /* PermissionControlView.xib in Resources */ = {isa = PBXBuildFile; fileRef = BBF35D892C8DFFDC006AEC65 /* PermissionControlView.xib */; };
		BBF35D8D2C8E0182006AEC65 /* ReactiveButton.swift in Sources */ = {isa = PBXBuildFile; fileRef = BBF35D8C2C8E0182006AEC65 /* ReactiveButton.swift */; };
		BBF35D932C8E0352006AEC65 /* TimeInterval+AnimationDurations.swift in Sources */ = {isa = PBXBuildFile; fileRef = BBF35D922C8E0352006AEC65 /* TimeInterval+AnimationDurations.swift */; };
		BBF35D962C8E09DC006AEC65 /* PermissionControlsContainerView.swift in Sources */ = {isa = PBXBuildFile; fileRef = BBF35D952C8E09DC006AEC65 /* PermissionControlsContainerView.swift */; };
		BBF35D9B2C8E10A6006AEC65 /* Xibable.swift in Sources */ = {isa = PBXBuildFile; fileRef = BBF35D9A2C8E10A6006AEC65 /* Xibable.swift */; };
/* End PBXBuildFile section */

/* Begin PBXFileReference section */
		BBB516FD2C98B68800A080BF /* HeadphonesPreparationComposer.swift */ = {isa = PBXFileReference; lastKnownFileType = sourcecode.swift; path = HeadphonesPreparationComposer.swift; sourceTree = "<group>"; };
		BBB517002C98C57700A080BF /* PermissionControlsContainerFactory.swift */ = {isa = PBXFileReference; lastKnownFileType = sourcecode.swift; path = PermissionControlsContainerFactory.swift; sourceTree = "<group>"; };
		BBB96BAA2CA882D000EB20C0 /* SystemVolumePreparationComposer.swift */ = {isa = PBXFileReference; lastKnownFileType = sourcecode.swift; path = SystemVolumePreparationComposer.swift; sourceTree = "<group>"; };
		BBB96BAC2CA8834B00EB20C0 /* SystemVolumePreparationViewController.swift */ = {isa = PBXFileReference; lastKnownFileType = sourcecode.swift; path = SystemVolumePreparationViewController.swift; sourceTree = "<group>"; };
		BBB96BAF2CA88BC000EB20C0 /* TestViewController.swift */ = {isa = PBXFileReference; lastKnownFileType = sourcecode.swift; path = TestViewController.swift; sourceTree = "<group>"; };
		BBC21FE22CA0AF90005901E8 /* LoudnessPreparationViewController.swift */ = {isa = PBXFileReference; lastKnownFileType = sourcecode.swift; path = LoudnessPreparationViewController.swift; sourceTree = "<group>"; };
		BBC21FE42CA0B02D005901E8 /* LoudnessPreparationComposer.swift */ = {isa = PBXFileReference; lastKnownFileType = sourcecode.swift; path = LoudnessPreparationComposer.swift; sourceTree = "<group>"; };
		BBC21FE72CA0B77A005901E8 /* PreparationFlow.swift */ = {isa = PBXFileReference; lastKnownFileType = sourcecode.swift; path = PreparationFlow.swift; sourceTree = "<group>"; };
		BBDDD76D2C8C54D400D6EF3F /* PreparationFlow.app */ = {isa = PBXFileReference; explicitFileType = wrapper.application; includeInIndex = 0; path = PreparationFlow.app; sourceTree = BUILT_PRODUCTS_DIR; };
		BBDDD7702C8C54D400D6EF3F /* AppDelegate.swift */ = {isa = PBXFileReference; lastKnownFileType = sourcecode.swift; path = AppDelegate.swift; sourceTree = "<group>"; };
		BBDDD7742C8C54D400D6EF3F /* HeadphonesPreparationViewController.swift */ = {isa = PBXFileReference; lastKnownFileType = sourcecode.swift; path = HeadphonesPreparationViewController.swift; sourceTree = "<group>"; };
		BBDDD7792C8C54D700D6EF3F /* Images.xcassets */ = {isa = PBXFileReference; lastKnownFileType = folder.assetcatalog; path = Images.xcassets; sourceTree = "<group>"; };
		BBDDD77C2C8C54D700D6EF3F /* Base */ = {isa = PBXFileReference; lastKnownFileType = file.storyboard; name = Base; path = Base.lproj/LaunchScreen.storyboard; sourceTree = "<group>"; };
		BBDDD77E2C8C54D700D6EF3F /* Info.plist */ = {isa = PBXFileReference; lastKnownFileType = text.plist.xml; path = Info.plist; sourceTree = "<group>"; };
		BBDDD7842C8C5A2C00D6EF3F /* UIViewController+Extensions.swift */ = {isa = PBXFileReference; lastKnownFileType = sourcecode.swift; path = "UIViewController+Extensions.swift"; sourceTree = "<group>"; };
		BBDDD78C2C8C5EAC00D6EF3F /* Colors.xcassets */ = {isa = PBXFileReference; lastKnownFileType = folder.assetcatalog; path = Colors.xcassets; sourceTree = "<group>"; };
		BBF35D5E2C8CDF1D006AEC65 /* HeadphonesConnectionObservable.swift */ = {isa = PBXFileReference; lastKnownFileType = sourcecode.swift; path = HeadphonesConnectionObservable.swift; sourceTree = "<group>"; };
		BBF35D602C8CE130006AEC65 /* HeadphonesConnectionManager.swift */ = {isa = PBXFileReference; lastKnownFileType = sourcecode.swift; path = HeadphonesConnectionManager.swift; sourceTree = "<group>"; };
		BBF35D622C8CE205006AEC65 /* HeadphonesConnectionSettable.swift */ = {isa = PBXFileReference; lastKnownFileType = sourcecode.swift; path = HeadphonesConnectionSettable.swift; sourceTree = "<group>"; };
		BBF35D652C8CF0B0006AEC65 /* SystemVolumeObservable.swift */ = {isa = PBXFileReference; lastKnownFileType = sourcecode.swift; path = SystemVolumeObservable.swift; sourceTree = "<group>"; };
		BBF35D672C8CF106006AEC65 /* SystemVolumeSettable.swift */ = {isa = PBXFileReference; lastKnownFileType = sourcecode.swift; path = SystemVolumeSettable.swift; sourceTree = "<group>"; };
		BBF35D692C8CF126006AEC65 /* SystemVolumeManager.swift */ = {isa = PBXFileReference; lastKnownFileType = sourcecode.swift; path = SystemVolumeManager.swift; sourceTree = "<group>"; };
		BBF35D6C2C8CF23A006AEC65 /* LoudnessObservable.swift */ = {isa = PBXFileReference; lastKnownFileType = sourcecode.swift; path = LoudnessObservable.swift; sourceTree = "<group>"; };
		BBF35D6E2C8CF249006AEC65 /* LoudnessLevel.swift */ = {isa = PBXFileReference; lastKnownFileType = sourcecode.swift; path = LoudnessLevel.swift; sourceTree = "<group>"; };
		BBF35D702C8CF292006AEC65 /* LoudnessSettable.swift */ = {isa = PBXFileReference; lastKnownFileType = sourcecode.swift; path = LoudnessSettable.swift; sourceTree = "<group>"; };
		BBF35D722C8CF2B4006AEC65 /* LoudnessManager.swift */ = {isa = PBXFileReference; lastKnownFileType = sourcecode.swift; path = LoudnessManager.swift; sourceTree = "<group>"; };
		BBF35D752C8CF3DA006AEC65 /* PreparationInterruption.swift */ = {isa = PBXFileReference; lastKnownFileType = sourcecode.swift; path = PreparationInterruption.swift; sourceTree = "<group>"; };
		BBF35D772C8CF47C006AEC65 /* PreparationInterruptionsManager.swift */ = {isa = PBXFileReference; lastKnownFileType = sourcecode.swift; path = PreparationInterruptionsManager.swift; sourceTree = "<group>"; };
		BBF35D792C8CF4CB006AEC65 /* PreparationInterruptionsManageable.swift */ = {isa = PBXFileReference; lastKnownFileType = sourcecode.swift; path = PreparationInterruptionsManageable.swift; sourceTree = "<group>"; };
		BBF35D7E2C8DE202006AEC65 /* MicrophonePermissionManager.swift */ = {isa = PBXFileReference; lastKnownFileType = sourcecode.swift; path = MicrophonePermissionManager.swift; sourceTree = "<group>"; };
		BBF35D822C8DFC4A006AEC65 /* NibView.swift */ = {isa = PBXFileReference; lastKnownFileType = sourcecode.swift; path = NibView.swift; sourceTree = "<group>"; };
		BBF35D842C8DFC92006AEC65 /* UIView+Extensions.swift */ = {isa = PBXFileReference; lastKnownFileType = sourcecode.swift; path = "UIView+Extensions.swift"; sourceTree = "<group>"; };
		BBF35D872C8DFFC4006AEC65 /* PermissionControlView.swift */ = {isa = PBXFileReference; lastKnownFileType = sourcecode.swift; path = PermissionControlView.swift; sourceTree = "<group>"; };
		BBF35D892C8DFFDC006AEC65 /* PermissionControlView.xib */ = {isa = PBXFileReference; lastKnownFileType = file.xib; path = PermissionControlView.xib; sourceTree = "<group>"; };
		BBF35D8C2C8E0182006AEC65 /* ReactiveButton.swift */ = {isa = PBXFileReference; lastKnownFileType = sourcecode.swift; path = ReactiveButton.swift; sourceTree = "<group>"; };
		BBF35D922C8E0352006AEC65 /* TimeInterval+AnimationDurations.swift */ = {isa = PBXFileReference; lastKnownFileType = sourcecode.swift; path = "TimeInterval+AnimationDurations.swift"; sourceTree = "<group>"; };
		BBF35D952C8E09DC006AEC65 /* PermissionControlsContainerView.swift */ = {isa = PBXFileReference; lastKnownFileType = sourcecode.swift; path = PermissionControlsContainerView.swift; sourceTree = "<group>"; };
		BBF35D9A2C8E10A6006AEC65 /* Xibable.swift */ = {isa = PBXFileReference; lastKnownFileType = sourcecode.swift; path = Xibable.swift; sourceTree = "<group>"; };
/* End PBXFileReference section */

/* Begin PBXFrameworksBuildPhase section */
		BBDDD76A2C8C54D400D6EF3F /* Frameworks */ = {
			isa = PBXFrameworksBuildPhase;
			buildActionMask = 2147483647;
			files = (
			);
			runOnlyForDeploymentPostprocessing = 0;
		};
/* End PBXFrameworksBuildPhase section */

/* Begin PBXGroup section */
		BBB516FF2C98C55D00A080BF /* Permission Controls Container */ = {
			isa = PBXGroup;
			children = (
				BBF35D952C8E09DC006AEC65 /* PermissionControlsContainerView.swift */,
				BBB517002C98C57700A080BF /* PermissionControlsContainerFactory.swift */,
			);
			path = "Permission Controls Container";
			sourceTree = "<group>";
		};
		BBB96BA92CA8828A00EB20C0 /* System Volume Preparation */ = {
			isa = PBXGroup;
			children = (
				BBB96BAA2CA882D000EB20C0 /* SystemVolumePreparationComposer.swift */,
				BBB96BAC2CA8834B00EB20C0 /* SystemVolumePreparationViewController.swift */,
			);
			path = "System Volume Preparation";
			sourceTree = "<group>";
		};
		BBB96BAE2CA8898C00EB20C0 /* Test */ = {
			isa = PBXGroup;
			children = (
				BBB96BAF2CA88BC000EB20C0 /* TestViewController.swift */,
			);
			path = Test;
			sourceTree = "<group>";
		};
		BBC21FE12CA0AF6A005901E8 /* Loudness Preparation */ = {
			isa = PBXGroup;
			children = (
				BBC21FE42CA0B02D005901E8 /* LoudnessPreparationComposer.swift */,
				BBC21FE22CA0AF90005901E8 /* LoudnessPreparationViewController.swift */,
			);
			path = "Loudness Preparation";
			sourceTree = "<group>";
		};
		BBDDD7642C8C54D400D6EF3F = {
			isa = PBXGroup;
			children = (
				BBDDD76F2C8C54D400D6EF3F /* PreparationFlow */,
				BBDDD76E2C8C54D400D6EF3F /* Products */,
			);
			sourceTree = "<group>";
		};
		BBDDD76E2C8C54D400D6EF3F /* Products */ = {
			isa = PBXGroup;
			children = (
				BBDDD76D2C8C54D400D6EF3F /* PreparationFlow.app */,
			);
			name = Products;
			sourceTree = "<group>";
		};
		BBDDD76F2C8C54D400D6EF3F /* PreparationFlow */ = {
			isa = PBXGroup;
			children = (
				BBDDD7862C8C5DC600D6EF3F /* Application */,
				BBDDD7872C8C5DE200D6EF3F /* UI */,
				BBF35D5C2C8CDB3C006AEC65 /* Model */,
			);
			path = PreparationFlow;
			sourceTree = "<group>";
		};
		BBDDD7862C8C5DC600D6EF3F /* Application */ = {
			isa = PBXGroup;
			children = (
				BBDDD77B2C8C54D700D6EF3F /* LaunchScreen.storyboard */,
				BBDDD77E2C8C54D700D6EF3F /* Info.plist */,
				BBDDD7702C8C54D400D6EF3F /* AppDelegate.swift */,
			);
			path = Application;
			sourceTree = "<group>";
		};
		BBDDD7872C8C5DE200D6EF3F /* UI */ = {
			isa = PBXGroup;
			children = (
				BBDDD78B2C8C5E2B00D6EF3F /* Resources */,
				BBF35D912C8E032D006AEC65 /* Constants */,
				BBF35D992C8E109C006AEC65 /* Protocols */,
				BBDDD7882C8C5DF000D6EF3F /* Extensions */,
				BBF35D802C8DFC22006AEC65 /* Components */,
				BBDDD7892C8C5E0100D6EF3F /* Scenes */,
			);
			path = UI;
			sourceTree = "<group>";
		};
		BBDDD7882C8C5DF000D6EF3F /* Extensions */ = {
			isa = PBXGroup;
			children = (
				BBDDD7842C8C5A2C00D6EF3F /* UIViewController+Extensions.swift */,
				BBF35D842C8DFC92006AEC65 /* UIView+Extensions.swift */,
			);
			path = Extensions;
			sourceTree = "<group>";
		};
		BBDDD7892C8C5E0100D6EF3F /* Scenes */ = {
			isa = PBXGroup;
			children = (
				BBDDD78A2C8C5E1400D6EF3F /* Headphones Preparation */,
				BBC21FE12CA0AF6A005901E8 /* Loudness Preparation */,
				BBB96BA92CA8828A00EB20C0 /* System Volume Preparation */,
				BBB96BAE2CA8898C00EB20C0 /* Test */,
				BBC21FE72CA0B77A005901E8 /* PreparationFlow.swift */,
			);
			path = Scenes;
			sourceTree = "<group>";
		};
		BBDDD78A2C8C5E1400D6EF3F /* Headphones Preparation */ = {
			isa = PBXGroup;
			children = (
				BBB516FD2C98B68800A080BF /* HeadphonesPreparationComposer.swift */,
				BBDDD7742C8C54D400D6EF3F /* HeadphonesPreparationViewController.swift */,
			);
			path = "Headphones Preparation";
			sourceTree = "<group>";
		};
		BBDDD78B2C8C5E2B00D6EF3F /* Resources */ = {
			isa = PBXGroup;
			children = (
				BBDDD7792C8C54D700D6EF3F /* Images.xcassets */,
				BBDDD78C2C8C5EAC00D6EF3F /* Colors.xcassets */,
			);
			path = Resources;
			sourceTree = "<group>";
		};
		BBF35D5C2C8CDB3C006AEC65 /* Model */ = {
			isa = PBXGroup;
			children = (
				BBF35D7D2C8DE1B3006AEC65 /* Microphone Permission */,
				BBF35D5D2C8CDF04006AEC65 /* Headphones Connection */,
				BBF35D6B2C8CF206006AEC65 /* Loudness */,
				BBF35D642C8CF097006AEC65 /* System Volume */,
				BBF35D742C8CF3A8006AEC65 /* Preparation Interruption */,
			);
			path = Model;
			sourceTree = "<group>";
		};
		BBF35D5D2C8CDF04006AEC65 /* Headphones Connection */ = {
			isa = PBXGroup;
			children = (
				BBF35D5E2C8CDF1D006AEC65 /* HeadphonesConnectionObservable.swift */,
				BBF35D622C8CE205006AEC65 /* HeadphonesConnectionSettable.swift */,
				BBF35D602C8CE130006AEC65 /* HeadphonesConnectionManager.swift */,
			);
			path = "Headphones Connection";
			sourceTree = "<group>";
		};
		BBF35D642C8CF097006AEC65 /* System Volume */ = {
			isa = PBXGroup;
			children = (
				BBF35D652C8CF0B0006AEC65 /* SystemVolumeObservable.swift */,
				BBF35D672C8CF106006AEC65 /* SystemVolumeSettable.swift */,
				BBF35D692C8CF126006AEC65 /* SystemVolumeManager.swift */,
			);
			path = "System Volume";
			sourceTree = "<group>";
		};
		BBF35D6B2C8CF206006AEC65 /* Loudness */ = {
			isa = PBXGroup;
			children = (
				BBF35D6E2C8CF249006AEC65 /* LoudnessLevel.swift */,
				BBF35D6C2C8CF23A006AEC65 /* LoudnessObservable.swift */,
				BBF35D702C8CF292006AEC65 /* LoudnessSettable.swift */,
				BBF35D722C8CF2B4006AEC65 /* LoudnessManager.swift */,
			);
			path = Loudness;
			sourceTree = "<group>";
		};
		BBF35D742C8CF3A8006AEC65 /* Preparation Interruption */ = {
			isa = PBXGroup;
			children = (
				BBF35D752C8CF3DA006AEC65 /* PreparationInterruption.swift */,
				BBF35D792C8CF4CB006AEC65 /* PreparationInterruptionsManageable.swift */,
				BBF35D772C8CF47C006AEC65 /* PreparationInterruptionsManager.swift */,
			);
			path = "Preparation Interruption";
			sourceTree = "<group>";
		};
		BBF35D7D2C8DE1B3006AEC65 /* Microphone Permission */ = {
			isa = PBXGroup;
			children = (
				BBF35D7E2C8DE202006AEC65 /* MicrophonePermissionManager.swift */,
			);
			path = "Microphone Permission";
			sourceTree = "<group>";
		};
		BBF35D802C8DFC22006AEC65 /* Components */ = {
			isa = PBXGroup;
			children = (
				BBF35D8B2C8E0094006AEC65 /* Buttons */,
				BBF35D812C8DFC2F006AEC65 /* Views */,
			);
			path = Components;
			sourceTree = "<group>";
		};
		BBF35D812C8DFC2F006AEC65 /* Views */ = {
			isa = PBXGroup;
			children = (
				BBB516FF2C98C55D00A080BF /* Permission Controls Container */,
				BBF35D862C8DFFB0006AEC65 /* Permission Control */,
				BBF35D822C8DFC4A006AEC65 /* NibView.swift */,
			);
			path = Views;
			sourceTree = "<group>";
		};
		BBF35D862C8DFFB0006AEC65 /* Permission Control */ = {
			isa = PBXGroup;
			children = (
				BBF35D872C8DFFC4006AEC65 /* PermissionControlView.swift */,
				BBF35D892C8DFFDC006AEC65 /* PermissionControlView.xib */,
			);
			path = "Permission Control";
			sourceTree = "<group>";
		};
		BBF35D8B2C8E0094006AEC65 /* Buttons */ = {
			isa = PBXGroup;
			children = (
				BBF35D8C2C8E0182006AEC65 /* ReactiveButton.swift */,
			);
			path = Buttons;
			sourceTree = "<group>";
		};
		BBF35D912C8E032D006AEC65 /* Constants */ = {
			isa = PBXGroup;
			children = (
				BBF35D922C8E0352006AEC65 /* TimeInterval+AnimationDurations.swift */,
			);
			path = Constants;
			sourceTree = "<group>";
		};
		BBF35D992C8E109C006AEC65 /* Protocols */ = {
			isa = PBXGroup;
			children = (
				BBF35D9A2C8E10A6006AEC65 /* Xibable.swift */,
			);
			path = Protocols;
			sourceTree = "<group>";
		};
/* End PBXGroup section */

/* Begin PBXNativeTarget section */
		BBDDD76C2C8C54D400D6EF3F /* PreparationFlow */ = {
			isa = PBXNativeTarget;
			buildConfigurationList = BBDDD7812C8C54D700D6EF3F /* Build configuration list for PBXNativeTarget "PreparationFlow" */;
			buildPhases = (
				BBDDD7692C8C54D400D6EF3F /* Sources */,
				BBDDD76A2C8C54D400D6EF3F /* Frameworks */,
				BBDDD76B2C8C54D400D6EF3F /* Resources */,
			);
			buildRules = (
			);
			dependencies = (
			);
			name = PreparationFlow;
			productName = PreparationFlow;
			productReference = BBDDD76D2C8C54D400D6EF3F /* PreparationFlow.app */;
			productType = "com.apple.product-type.application";
		};
/* End PBXNativeTarget section */

/* Begin PBXProject section */
		BBDDD7652C8C54D400D6EF3F /* Project object */ = {
			isa = PBXProject;
			attributes = {
				BuildIndependentTargetsInParallel = 1;
				LastSwiftUpdateCheck = 1530;
				LastUpgradeCheck = 1530;
				TargetAttributes = {
					BBDDD76C2C8C54D400D6EF3F = {
						CreatedOnToolsVersion = 15.3;
					};
				};
			};
			buildConfigurationList = BBDDD7682C8C54D400D6EF3F /* Build configuration list for PBXProject "PreparationFlow" */;
			compatibilityVersion = "Xcode 14.0";
			developmentRegion = en;
			hasScannedForEncodings = 0;
			knownRegions = (
				en,
				Base,
			);
			mainGroup = BBDDD7642C8C54D400D6EF3F;
			productRefGroup = BBDDD76E2C8C54D400D6EF3F /* Products */;
			projectDirPath = "";
			projectRoot = "";
			targets = (
				BBDDD76C2C8C54D400D6EF3F /* PreparationFlow */,
			);
		};
/* End PBXProject section */

/* Begin PBXResourcesBuildPhase section */
		BBDDD76B2C8C54D400D6EF3F /* Resources */ = {
			isa = PBXResourcesBuildPhase;
			buildActionMask = 2147483647;
			files = (
				BBDDD77A2C8C54D700D6EF3F /* Images.xcassets in Resources */,
				BBF35D8A2C8DFFDC006AEC65 /* PermissionControlView.xib in Resources */,
				BBDDD78D2C8C5EAC00D6EF3F /* Colors.xcassets in Resources */,
				BBDDD77D2C8C54D700D6EF3F /* Base in Resources */,
			);
			runOnlyForDeploymentPostprocessing = 0;
		};
/* End PBXResourcesBuildPhase section */

/* Begin PBXSourcesBuildPhase section */
		BBDDD7692C8C54D400D6EF3F /* Sources */ = {
			isa = PBXSourcesBuildPhase;
			buildActionMask = 2147483647;
			files = (
				BBF35D632C8CE205006AEC65 /* HeadphonesConnectionSettable.swift in Sources */,
				BBDDD7852C8C5A2C00D6EF3F /* UIViewController+Extensions.swift in Sources */,
				BBF35D662C8CF0B0006AEC65 /* SystemVolumeObservable.swift in Sources */,
				BBF35D732C8CF2B4006AEC65 /* LoudnessManager.swift in Sources */,
				BBF35D6A2C8CF126006AEC65 /* SystemVolumeManager.swift in Sources */,
				BBDDD7752C8C54D400D6EF3F /* HeadphonesPreparationViewController.swift in Sources */,
				BBF35D762C8CF3DA006AEC65 /* PreparationInterruption.swift in Sources */,
				BBF35D9B2C8E10A6006AEC65 /* Xibable.swift in Sources */,
				BBF35D8D2C8E0182006AEC65 /* ReactiveButton.swift in Sources */,
				BBB516FE2C98B68800A080BF /* HeadphonesPreparationComposer.swift in Sources */,
				BBF35D962C8E09DC006AEC65 /* PermissionControlsContainerView.swift in Sources */,
				BBDDD7712C8C54D400D6EF3F /* AppDelegate.swift in Sources */,
				BBF35D7A2C8CF4CB006AEC65 /* PreparationInterruptionsManageable.swift in Sources */,
				BBF35D5F2C8CDF1D006AEC65 /* HeadphonesConnectionObservable.swift in Sources */,
				BBF35D7F2C8DE202006AEC65 /* MicrophonePermissionManager.swift in Sources */,
				BBB517012C98C57700A080BF /* PermissionControlsContainerFactory.swift in Sources */,
				BBF35D782C8CF47C006AEC65 /* PreparationInterruptionsManager.swift in Sources */,
				BBF35D852C8DFC92006AEC65 /* UIView+Extensions.swift in Sources */,
				BBB96BB02CA88BC000EB20C0 /* TestViewController.swift in Sources */,
				BBC21FE52CA0B02D005901E8 /* LoudnessPreparationComposer.swift in Sources */,
				BBF35D6D2C8CF23A006AEC65 /* LoudnessObservable.swift in Sources */,
				BBF35D6F2C8CF249006AEC65 /* LoudnessLevel.swift in Sources */,
				BBC21FE32CA0AF90005901E8 /* LoudnessPreparationViewController.swift in Sources */,
				BBF35D882C8DFFC4006AEC65 /* PermissionControlView.swift in Sources */,
				BBF35D832C8DFC4A006AEC65 /* NibView.swift in Sources */,
				BBC21FE82CA0B77A005901E8 /* PreparationFlow.swift in Sources */,
				BBF35D682C8CF106006AEC65 /* SystemVolumeSettable.swift in Sources */,
				BBF35D712C8CF292006AEC65 /* LoudnessSettable.swift in Sources */,
				BBF35D932C8E0352006AEC65 /* TimeInterval+AnimationDurations.swift in Sources */,
				BBB96BAB2CA882D000EB20C0 /* SystemVolumePreparationComposer.swift in Sources */,
				BBF35D612C8CE130006AEC65 /* HeadphonesConnectionManager.swift in Sources */,
				BBB96BAD2CA8834B00EB20C0 /* SystemVolumePreparationViewController.swift in Sources */,
			);
			runOnlyForDeploymentPostprocessing = 0;
		};
/* End PBXSourcesBuildPhase section */

/* Begin PBXVariantGroup section */
		BBDDD77B2C8C54D700D6EF3F /* LaunchScreen.storyboard */ = {
			isa = PBXVariantGroup;
			children = (
				BBDDD77C2C8C54D700D6EF3F /* Base */,
			);
			name = LaunchScreen.storyboard;
			sourceTree = "<group>";
		};
/* End PBXVariantGroup section */

/* Begin XCBuildConfiguration section */
		BBDDD77F2C8C54D700D6EF3F /* Debug */ = {
			isa = XCBuildConfiguration;
			buildSettings = {
				ALWAYS_SEARCH_USER_PATHS = NO;
				ASSETCATALOG_COMPILER_GENERATE_SWIFT_ASSET_SYMBOL_EXTENSIONS = YES;
				CLANG_ANALYZER_NONNULL = YES;
				CLANG_ANALYZER_NUMBER_OBJECT_CONVERSION = YES_AGGRESSIVE;
				CLANG_CXX_LANGUAGE_STANDARD = "gnu++20";
				CLANG_ENABLE_MODULES = YES;
				CLANG_ENABLE_OBJC_ARC = YES;
				CLANG_ENABLE_OBJC_WEAK = YES;
				CLANG_WARN_BLOCK_CAPTURE_AUTORELEASING = YES;
				CLANG_WARN_BOOL_CONVERSION = YES;
				CLANG_WARN_COMMA = YES;
				CLANG_WARN_CONSTANT_CONVERSION = YES;
				CLANG_WARN_DEPRECATED_OBJC_IMPLEMENTATIONS = YES;
				CLANG_WARN_DIRECT_OBJC_ISA_USAGE = YES_ERROR;
				CLANG_WARN_DOCUMENTATION_COMMENTS = YES;
				CLANG_WARN_EMPTY_BODY = YES;
				CLANG_WARN_ENUM_CONVERSION = YES;
				CLANG_WARN_INFINITE_RECURSION = YES;
				CLANG_WARN_INT_CONVERSION = YES;
				CLANG_WARN_NON_LITERAL_NULL_CONVERSION = YES;
				CLANG_WARN_OBJC_IMPLICIT_RETAIN_SELF = YES;
				CLANG_WARN_OBJC_LITERAL_CONVERSION = YES;
				CLANG_WARN_OBJC_ROOT_CLASS = YES_ERROR;
				CLANG_WARN_QUOTED_INCLUDE_IN_FRAMEWORK_HEADER = YES;
				CLANG_WARN_RANGE_LOOP_ANALYSIS = YES;
				CLANG_WARN_STRICT_PROTOTYPES = YES;
				CLANG_WARN_SUSPICIOUS_MOVE = YES;
				CLANG_WARN_UNGUARDED_AVAILABILITY = YES_AGGRESSIVE;
				CLANG_WARN_UNREACHABLE_CODE = YES;
				CLANG_WARN__DUPLICATE_METHOD_MATCH = YES;
				COPY_PHASE_STRIP = NO;
				DEBUG_INFORMATION_FORMAT = dwarf;
				ENABLE_STRICT_OBJC_MSGSEND = YES;
				ENABLE_TESTABILITY = YES;
				ENABLE_USER_SCRIPT_SANDBOXING = YES;
				GCC_C_LANGUAGE_STANDARD = gnu17;
				GCC_DYNAMIC_NO_PIC = NO;
				GCC_NO_COMMON_BLOCKS = YES;
				GCC_OPTIMIZATION_LEVEL = 0;
				GCC_PREPROCESSOR_DEFINITIONS = (
					"DEBUG=1",
					"$(inherited)",
				);
				GCC_WARN_64_TO_32_BIT_CONVERSION = YES;
				GCC_WARN_ABOUT_RETURN_TYPE = YES_ERROR;
				GCC_WARN_UNDECLARED_SELECTOR = YES;
				GCC_WARN_UNINITIALIZED_AUTOS = YES_AGGRESSIVE;
				GCC_WARN_UNUSED_FUNCTION = YES;
				GCC_WARN_UNUSED_VARIABLE = YES;
				IPHONEOS_DEPLOYMENT_TARGET = 17.4;
				LOCALIZATION_PREFERS_STRING_CATALOGS = YES;
				MTL_ENABLE_DEBUG_INFO = INCLUDE_SOURCE;
				MTL_FAST_MATH = YES;
				ONLY_ACTIVE_ARCH = YES;
				SDKROOT = iphoneos;
				SWIFT_ACTIVE_COMPILATION_CONDITIONS = "DEBUG $(inherited)";
				SWIFT_OPTIMIZATION_LEVEL = "-Onone";
			};
			name = Debug;
		};
		BBDDD7802C8C54D700D6EF3F /* Release */ = {
			isa = XCBuildConfiguration;
			buildSettings = {
				ALWAYS_SEARCH_USER_PATHS = NO;
				ASSETCATALOG_COMPILER_GENERATE_SWIFT_ASSET_SYMBOL_EXTENSIONS = YES;
				CLANG_ANALYZER_NONNULL = YES;
				CLANG_ANALYZER_NUMBER_OBJECT_CONVERSION = YES_AGGRESSIVE;
				CLANG_CXX_LANGUAGE_STANDARD = "gnu++20";
				CLANG_ENABLE_MODULES = YES;
				CLANG_ENABLE_OBJC_ARC = YES;
				CLANG_ENABLE_OBJC_WEAK = YES;
				CLANG_WARN_BLOCK_CAPTURE_AUTORELEASING = YES;
				CLANG_WARN_BOOL_CONVERSION = YES;
				CLANG_WARN_COMMA = YES;
				CLANG_WARN_CONSTANT_CONVERSION = YES;
				CLANG_WARN_DEPRECATED_OBJC_IMPLEMENTATIONS = YES;
				CLANG_WARN_DIRECT_OBJC_ISA_USAGE = YES_ERROR;
				CLANG_WARN_DOCUMENTATION_COMMENTS = YES;
				CLANG_WARN_EMPTY_BODY = YES;
				CLANG_WARN_ENUM_CONVERSION = YES;
				CLANG_WARN_INFINITE_RECURSION = YES;
				CLANG_WARN_INT_CONVERSION = YES;
				CLANG_WARN_NON_LITERAL_NULL_CONVERSION = YES;
				CLANG_WARN_OBJC_IMPLICIT_RETAIN_SELF = YES;
				CLANG_WARN_OBJC_LITERAL_CONVERSION = YES;
				CLANG_WARN_OBJC_ROOT_CLASS = YES_ERROR;
				CLANG_WARN_QUOTED_INCLUDE_IN_FRAMEWORK_HEADER = YES;
				CLANG_WARN_RANGE_LOOP_ANALYSIS = YES;
				CLANG_WARN_STRICT_PROTOTYPES = YES;
				CLANG_WARN_SUSPICIOUS_MOVE = YES;
				CLANG_WARN_UNGUARDED_AVAILABILITY = YES_AGGRESSIVE;
				CLANG_WARN_UNREACHABLE_CODE = YES;
				CLANG_WARN__DUPLICATE_METHOD_MATCH = YES;
				COPY_PHASE_STRIP = NO;
				DEBUG_INFORMATION_FORMAT = "dwarf-with-dsym";
				ENABLE_NS_ASSERTIONS = NO;
				ENABLE_STRICT_OBJC_MSGSEND = YES;
				ENABLE_USER_SCRIPT_SANDBOXING = YES;
				GCC_C_LANGUAGE_STANDARD = gnu17;
				GCC_NO_COMMON_BLOCKS = YES;
				GCC_WARN_64_TO_32_BIT_CONVERSION = YES;
				GCC_WARN_ABOUT_RETURN_TYPE = YES_ERROR;
				GCC_WARN_UNDECLARED_SELECTOR = YES;
				GCC_WARN_UNINITIALIZED_AUTOS = YES_AGGRESSIVE;
				GCC_WARN_UNUSED_FUNCTION = YES;
				GCC_WARN_UNUSED_VARIABLE = YES;
				IPHONEOS_DEPLOYMENT_TARGET = 17.4;
				LOCALIZATION_PREFERS_STRING_CATALOGS = YES;
				MTL_ENABLE_DEBUG_INFO = NO;
				MTL_FAST_MATH = YES;
				SDKROOT = iphoneos;
				SWIFT_COMPILATION_MODE = wholemodule;
				VALIDATE_PRODUCT = YES;
			};
			name = Release;
		};
		BBDDD7822C8C54D700D6EF3F /* Debug */ = {
			isa = XCBuildConfiguration;
			buildSettings = {
				ASSETCATALOG_COMPILER_APPICON_NAME = AppIcon;
				ASSETCATALOG_COMPILER_GLOBAL_ACCENT_COLOR_NAME = AccentColor;
				CODE_SIGN_STYLE = Automatic;
				CURRENT_PROJECT_VERSION = 1;
				DEVELOPMENT_TEAM = KN3UG3D7KC;
				GENERATE_INFOPLIST_FILE = YES;
				INFOPLIST_FILE = PreparationFlow/Application/Info.plist;
				INFOPLIST_KEY_UIApplicationSupportsIndirectInputEvents = YES;
				INFOPLIST_KEY_UILaunchStoryboardName = LaunchScreen;
				INFOPLIST_KEY_UIMainStoryboardFile = "";
				INFOPLIST_KEY_UIStatusBarStyle = "";
				INFOPLIST_KEY_UISupportedInterfaceOrientations = UIInterfaceOrientationPortrait;
				INFOPLIST_KEY_UISupportedInterfaceOrientations_iPad = "UIInterfaceOrientationLandscapeLeft UIInterfaceOrientationLandscapeRight UIInterfaceOrientationPortrait";
				IPHONEOS_DEPLOYMENT_TARGET = 17.0;
				LD_RUNPATH_SEARCH_PATHS = (
					"$(inherited)",
					"@executable_path/Frameworks",
				);
				MARKETING_VERSION = 1.0;
				PRODUCT_BUNDLE_IDENTIFIER = EssentialDeveloper.MentoringSession.PreparationFlow;
				PRODUCT_NAME = "$(TARGET_NAME)";
				SWIFT_EMIT_LOC_STRINGS = YES;
				SWIFT_VERSION = 5.0;
				TARGETED_DEVICE_FAMILY = "1,2";
			};
			name = Debug;
		};
		BBDDD7832C8C54D700D6EF3F /* Release */ = {
			isa = XCBuildConfiguration;
			buildSettings = {
				ASSETCATALOG_COMPILER_APPICON_NAME = AppIcon;
				ASSETCATALOG_COMPILER_GLOBAL_ACCENT_COLOR_NAME = AccentColor;
				CODE_SIGN_STYLE = Automatic;
				CURRENT_PROJECT_VERSION = 1;
				DEVELOPMENT_TEAM = KN3UG3D7KC;
				GENERATE_INFOPLIST_FILE = YES;
				INFOPLIST_FILE = PreparationFlow/Application/Info.plist;
				INFOPLIST_KEY_UIApplicationSupportsIndirectInputEvents = YES;
				INFOPLIST_KEY_UILaunchStoryboardName = LaunchScreen;
				INFOPLIST_KEY_UIMainStoryboardFile = "";
				INFOPLIST_KEY_UIStatusBarStyle = "";
				INFOPLIST_KEY_UISupportedInterfaceOrientations = UIInterfaceOrientationPortrait;
				INFOPLIST_KEY_UISupportedInterfaceOrientations_iPad = "UIInterfaceOrientationLandscapeLeft UIInterfaceOrientationLandscapeRight UIInterfaceOrientationPortrait";
				IPHONEOS_DEPLOYMENT_TARGET = 17.0;
				LD_RUNPATH_SEARCH_PATHS = (
					"$(inherited)",
					"@executable_path/Frameworks",
				);
				MARKETING_VERSION = 1.0;
				PRODUCT_BUNDLE_IDENTIFIER = EssentialDeveloper.MentoringSession.PreparationFlow;
				PRODUCT_NAME = "$(TARGET_NAME)";
				SWIFT_EMIT_LOC_STRINGS = YES;
				SWIFT_VERSION = 5.0;
				TARGETED_DEVICE_FAMILY = "1,2";
			};
			name = Release;
		};
/* End XCBuildConfiguration section */

/* Begin XCConfigurationList section */
		BBDDD7682C8C54D400D6EF3F /* Build configuration list for PBXProject "PreparationFlow" */ = {
			isa = XCConfigurationList;
			buildConfigurations = (
				BBDDD77F2C8C54D700D6EF3F /* Debug */,
				BBDDD7802C8C54D700D6EF3F /* Release */,
			);
			defaultConfigurationIsVisible = 0;
			defaultConfigurationName = Release;
		};
		BBDDD7812C8C54D700D6EF3F /* Build configuration list for PBXNativeTarget "PreparationFlow" */ = {
			isa = XCConfigurationList;
			buildConfigurations = (
				BBDDD7822C8C54D700D6EF3F /* Debug */,
				BBDDD7832C8C54D700D6EF3F /* Release */,
			);
			defaultConfigurationIsVisible = 0;
			defaultConfigurationName = Release;
		};
/* End XCConfigurationList section */
	};
	rootObject = BBDDD7652C8C54D400D6EF3F /* Project object */;
}
